
Microsoft Visual Studio Solution File, Format Version 12.00
# Visual Studio Version 17
VisualStudioVersion = 17.13.35919.96 d17.13
MinimumVisualStudioVersion = 10.0.40219.1
Project("{FAE04EC0-301F-11D3-BF4B-00C04F79EFBC}") = "Project1", "Project1\Project1.csproj", "{CC860618-CFED-42A4-A31B-1BA98C29805C}"
EndProject
Global
	GlobalSection(SolutionConfigurationPlatforms) = preSolution
		Debug|Any CPU = Debug|Any CPU
		Release|Any CPU = Release|Any CPU
	EndGlobalSection
	GlobalSection(ProjectConfigurationPlatforms) = postSolution
		{CC860618-CFED-42A4-A31B-1BA98C29805C}.Debug|Any CPU.ActiveCfg = Debug|Any CPU
		{CC860618-CFED-42A4-A31B-1BA98C29805C}.Debug|Any CPU.Build.0 = Debug|Any CPU
		{CC860618-CFED-42A4-A31B-1BA98C29805C}.Release|Any CPU.ActiveCfg = Release|Any CPU
		{CC860618-CFED-42A4-A31B-1BA98C29805C}.Release|Any CPU.Build.0 = Release|Any CPU
	EndGlobalSection
	GlobalSection(SolutionProperties) = preSolution
		HideSolutionNode = FALSE
	EndGlobalSection
	GlobalSection(ExtensibilityGlobals) = postSolution
		SolutionGuid = {9D4573FA-CAA8-432D-9BFF-17E2437A01A7}
	EndGlobalSection
EndGlobal
